
Microsoft Visual Studio Solution File, Format Version 12.00
# Visual Studio Version 17
VisualStudioVersion = 17.14.36109.1
MinimumVisualStudioVersion = 10.0.40219.1
Project("{2150E333-8FDC-42A3-9474-1A3956D46DE8}") = "Services", "Services", "{C3FA0D5B-5B5B-4A4E-BD52-DDEC202CE27C}"
EndProject
Project("{2150E333-8FDC-42A3-9474-1A3956D46DE8}") = "BuildingBlocks", "BuildingBlocks", "{D7485251-6FF5-479A-B519-3520EC39C73A}"
EndProject
Project("{2150E333-8FDC-42A3-9474-1A3956D46DE8}") = "Catalog", "Catalog", "{6286AD4C-A349-4674-A82E-12BB6D587FE9}"
EndProject
Project("{FAE04EC0-301F-11D3-BF4B-00C04F79EFBC}") = "Catalog.Api", "Services\Catalog\Catalog.Api\Catalog.Api.csproj", "{4D8DAE77-09FC-425C-A474-70C2D4522F20}"
EndProject
Project("{E53339B2-1760-4266-BCC7-CA923CBCF16C}") = "docker-compose", "docker-compose.dcproj", "{81DDED9D-158B-E303-5F62-77A2896D2A5A}"
EndProject
Project("{FAE04EC0-301F-11D3-BF4B-00C04F79EFBC}") = "BuildingBlocks", "BuildingBlocks\BuildingBlocks\BuildingBlocks.csproj", "{F7BF9B3B-1553-43A0-A6A8-B0DB3B3E6C7E}"
EndProject
Project("{FAE04EC0-301F-11D3-BF4B-00C04F79EFBC}") = "BuildingBlocks.Mediator", "BuildingBlocks\BuildingBlocks.Mediator\BuildingBlocks.Mediator.csproj", "{B216829D-1019-4071-9097-3CB11985AA7F}"
EndProject
Project("{2150E333-8FDC-42A3-9474-1A3956D46DE8}") = "Basket", "Basket", "{ED85C5F7-36B8-4A78-AA8F-1BB97BFF9F5D}"
EndProject
Project("{FAE04EC0-301F-11D3-BF4B-00C04F79EFBC}") = "Basket.Api", "Services\Basket\Basket.Api\Basket.Api.csproj", "{FD1C316D-A525-4760-B79E-871AE0AADBB3}"
EndProject
Project("{2150E333-8FDC-42A3-9474-1A3956D46DE8}") = "Discount", "Discount", "{0F09EEAD-629C-4D0A-A748-7ABC9BA17AFC}"
EndProject
Project("{FAE04EC0-301F-11D3-BF4B-00C04F79EFBC}") = "Discount.Grpc", "Services\Discount\Discount.Grpc\Discount.Grpc.csproj", "{FC93F3F3-EC23-45E6-93F6-E1B6106BAF99}"
EndProject
Project("{FAE04EC0-301F-11D3-BF4B-00C04F79EFBC}") = "BuildingBlocks.Messaging", "BuildingBlocks\BuildingBlocks.Messaging\BuildingBlocks.Messaging.csproj", "{3A39FC8B-5959-4809-8C17-DDBB13BEA2E6}"
EndProject
Project("{2150E333-8FDC-42A3-9474-1A3956D46DE8}") = "Ordering", "Ordering", "{0AC90E32-A331-446B-84A4-AE106D5AEF9B}"
EndProject
Project("{FAE04EC0-301F-11D3-BF4B-00C04F79EFBC}") = "Ordering.Api", "Services\Ordering\Ordering.Api\Ordering.Api.csproj", "{4AED8175-D834-436E-A9BE-3930F2A0D40D}"
EndProject
Project("{FAE04EC0-301F-11D3-BF4B-00C04F79EFBC}") = "Ordering.Application", "Services\Ordering\Ordering.Application\Ordering.Application.csproj", "{A90B30E8-EE4A-46AD-941B-FF1540A233F8}"
EndProject
Project("{FAE04EC0-301F-11D3-BF4B-00C04F79EFBC}") = "Ordering.Domain", "Services\Ordering\Ordering.Domain\Ordering.Domain.csproj", "{44398124-79A4-4BC5-9493-474AED3995FB}"
EndProject
Project("{FAE04EC0-301F-11D3-BF4B-00C04F79EFBC}") = "Ordering.Infrastructure", "Services\Ordering\Ordering.Infrastructure\Ordering.Infrastructure.csproj", "{21779242-86AB-4E0C-9E0B-BD6F3E466D92}"
EndProject
Project("{2150E333-8FDC-42A3-9474-1A3956D46DE8}") = "Gateways", "Gateways", "{5BFE8CE4-9048-447F-B28B-4F157CAA892A}"
EndProject
Project("{FAE04EC0-301F-11D3-BF4B-00C04F79EFBC}") = "GatewayApi", "Gateways\GatewayApi\GatewayApi.csproj", "{C30F2FB8-8655-49B2-BC5A-C8803D1BF4A0}"
EndProject
Project("{2150E333-8FDC-42A3-9474-1A3956D46DE8}") = "Uis", "Uis", "{B9A9E734-8A1A-D265-B777-74B2E5E27E5B}"
EndProject
Project("{FAE04EC0-301F-11D3-BF4B-00C04F79EFBC}") = "WebApp", "UIs\WebApp\WebApp.csproj", "{2FC5D59E-3749-4AAD-83E6-A5318C992254}"
EndProject
Global
	GlobalSection(SolutionConfigurationPlatforms) = preSolution
		Debug|Any CPU = Debug|Any CPU
		Release|Any CPU = Release|Any CPU
	EndGlobalSection
	GlobalSection(ProjectConfigurationPlatforms) = postSolution
		{4D8DAE77-09FC-425C-A474-70C2D4522F20}.Debug|Any CPU.ActiveCfg = Debug|Any CPU
		{4D8DAE77-09FC-425C-A474-70C2D4522F20}.Debug|Any CPU.Build.0 = Debug|Any CPU
		{4D8DAE77-09FC-425C-A474-70C2D4522F20}.Release|Any CPU.ActiveCfg = Release|Any CPU
		{4D8DAE77-09FC-425C-A474-70C2D4522F20}.Release|Any CPU.Build.0 = Release|Any CPU
		{81DDED9D-158B-E303-5F62-77A2896D2A5A}.Debug|Any CPU.ActiveCfg = Debug|Any CPU
		{81DDED9D-158B-E303-5F62-77A2896D2A5A}.Debug|Any CPU.Build.0 = Debug|Any CPU
		{81DDED9D-158B-E303-5F62-77A2896D2A5A}.Release|Any CPU.ActiveCfg = Release|Any CPU
		{81DDED9D-158B-E303-5F62-77A2896D2A5A}.Release|Any CPU.Build.0 = Release|Any CPU
		{F7BF9B3B-1553-43A0-A6A8-B0DB3B3E6C7E}.Debug|Any CPU.ActiveCfg = Debug|Any CPU
		{F7BF9B3B-1553-43A0-A6A8-B0DB3B3E6C7E}.Debug|Any CPU.Build.0 = Debug|Any CPU
		{F7BF9B3B-1553-43A0-A6A8-B0DB3B3E6C7E}.Release|Any CPU.ActiveCfg = Release|Any CPU
		{F7BF9B3B-1553-43A0-A6A8-B0DB3B3E6C7E}.Release|Any CPU.Build.0 = Release|Any CPU
		{B216829D-1019-4071-9097-3CB11985AA7F}.Debug|Any CPU.ActiveCfg = Debug|Any CPU
		{B216829D-1019-4071-9097-3CB11985AA7F}.Debug|Any CPU.Build.0 = Debug|Any CPU
		{B216829D-1019-4071-9097-3CB11985AA7F}.Release|Any CPU.ActiveCfg = Release|Any CPU
		{B216829D-1019-4071-9097-3CB11985AA7F}.Release|Any CPU.Build.0 = Release|Any CPU
		{FD1C316D-A525-4760-B79E-871AE0AADBB3}.Debug|Any CPU.ActiveCfg = Debug|Any CPU
		{FD1C316D-A525-4760-B79E-871AE0AADBB3}.Debug|Any CPU.Build.0 = Debug|Any CPU
		{FD1C316D-A525-4760-B79E-871AE0AADBB3}.Release|Any CPU.ActiveCfg = Release|Any CPU
		{FD1C316D-A525-4760-B79E-871AE0AADBB3}.Release|Any CPU.Build.0 = Release|Any CPU
		{FC93F3F3-EC23-45E6-93F6-E1B6106BAF99}.Debug|Any CPU.ActiveCfg = Debug|Any CPU
		{FC93F3F3-EC23-45E6-93F6-E1B6106BAF99}.Debug|Any CPU.Build.0 = Debug|Any CPU
		{FC93F3F3-EC23-45E6-93F6-E1B6106BAF99}.Release|Any CPU.ActiveCfg = Release|Any CPU
		{FC93F3F3-EC23-45E6-93F6-E1B6106BAF99}.Release|Any CPU.Build.0 = Release|Any CPU
		{3A39FC8B-5959-4809-8C17-DDBB13BEA2E6}.Debug|Any CPU.ActiveCfg = Debug|Any CPU
		{3A39FC8B-5959-4809-8C17-DDBB13BEA2E6}.Debug|Any CPU.Build.0 = Debug|Any CPU
		{3A39FC8B-5959-4809-8C17-DDBB13BEA2E6}.Release|Any CPU.ActiveCfg = Release|Any CPU
		{3A39FC8B-5959-4809-8C17-DDBB13BEA2E6}.Release|Any CPU.Build.0 = Release|Any CPU
		{4AED8175-D834-436E-A9BE-3930F2A0D40D}.Debug|Any CPU.ActiveCfg = Debug|Any CPU
		{4AED8175-D834-436E-A9BE-3930F2A0D40D}.Debug|Any CPU.Build.0 = Debug|Any CPU
		{4AED8175-D834-436E-A9BE-3930F2A0D40D}.Release|Any CPU.ActiveCfg = Release|Any CPU
		{4AED8175-D834-436E-A9BE-3930F2A0D40D}.Release|Any CPU.Build.0 = Release|Any CPU
		{A90B30E8-EE4A-46AD-941B-FF1540A233F8}.Debug|Any CPU.ActiveCfg = Debug|Any CPU
		{A90B30E8-EE4A-46AD-941B-FF1540A233F8}.Debug|Any CPU.Build.0 = Debug|Any CPU
		{A90B30E8-EE4A-46AD-941B-FF1540A233F8}.Release|Any CPU.ActiveCfg = Release|Any CPU
		{A90B30E8-EE4A-46AD-941B-FF1540A233F8}.Release|Any CPU.Build.0 = Release|Any CPU
		{44398124-79A4-4BC5-9493-474AED3995FB}.Debug|Any CPU.ActiveCfg = Debug|Any CPU
		{44398124-79A4-4BC5-9493-474AED3995FB}.Debug|Any CPU.Build.0 = Debug|Any CPU
		{44398124-79A4-4BC5-9493-474AED3995FB}.Release|Any CPU.ActiveCfg = Release|Any CPU
		{44398124-79A4-4BC5-9493-474AED3995FB}.Release|Any CPU.Build.0 = Release|Any CPU
		{21779242-86AB-4E0C-9E0B-BD6F3E466D92}.Debug|Any CPU.ActiveCfg = Debug|Any CPU
		{21779242-86AB-4E0C-9E0B-BD6F3E466D92}.Debug|Any CPU.Build.0 = Debug|Any CPU
		{21779242-86AB-4E0C-9E0B-BD6F3E466D92}.Release|Any CPU.ActiveCfg = Release|Any CPU
		{21779242-86AB-4E0C-9E0B-BD6F3E466D92}.Release|Any CPU.Build.0 = Release|Any CPU
		{C30F2FB8-8655-49B2-BC5A-C8803D1BF4A0}.Debug|Any CPU.ActiveCfg = Debug|Any CPU
		{C30F2FB8-8655-49B2-BC5A-C8803D1BF4A0}.Debug|Any CPU.Build.0 = Debug|Any CPU
		{C30F2FB8-8655-49B2-BC5A-C8803D1BF4A0}.Release|Any CPU.ActiveCfg = Release|Any CPU
		{C30F2FB8-8655-49B2-BC5A-C8803D1BF4A0}.Release|Any CPU.Build.0 = Release|Any CPU
		{2FC5D59E-3749-4AAD-83E6-A5318C992254}.Debug|Any CPU.ActiveCfg = Debug|Any CPU
		{2FC5D59E-3749-4AAD-83E6-A5318C992254}.Debug|Any CPU.Build.0 = Debug|Any CPU
		{2FC5D59E-3749-4AAD-83E6-A5318C992254}.Release|Any CPU.ActiveCfg = Release|Any CPU
		{2FC5D59E-3749-4AAD-83E6-A5318C992254}.Release|Any CPU.Build.0 = Release|Any CPU
	EndGlobalSection
	GlobalSection(SolutionProperties) = preSolution
		HideSolutionNode = FALSE
	EndGlobalSection
	GlobalSection(NestedProjects) = preSolution
		{6286AD4C-A349-4674-A82E-12BB6D587FE9} = {C3FA0D5B-5B5B-4A4E-BD52-DDEC202CE27C}
		{4D8DAE77-09FC-425C-A474-70C2D4522F20} = {6286AD4C-A349-4674-A82E-12BB6D587FE9}
		{F7BF9B3B-1553-43A0-A6A8-B0DB3B3E6C7E} = {D7485251-6FF5-479A-B519-3520EC39C73A}
		{B216829D-1019-4071-9097-3CB11985AA7F} = {D7485251-6FF5-479A-B519-3520EC39C73A}
		{ED85C5F7-36B8-4A78-AA8F-1BB97BFF9F5D} = {C3FA0D5B-5B5B-4A4E-BD52-DDEC202CE27C}
		{FD1C316D-A525-4760-B79E-871AE0AADBB3} = {ED85C5F7-36B8-4A78-AA8F-1BB97BFF9F5D}
		{0F09EEAD-629C-4D0A-A748-7ABC9BA17AFC} = {C3FA0D5B-5B5B-4A4E-BD52-DDEC202CE27C}
		{FC93F3F3-EC23-45E6-93F6-E1B6106BAF99} = {0F09EEAD-629C-4D0A-A748-7ABC9BA17AFC}
		{3A39FC8B-5959-4809-8C17-DDBB13BEA2E6} = {D7485251-6FF5-479A-B519-3520EC39C73A}
		{0AC90E32-A331-446B-84A4-AE106D5AEF9B} = {C3FA0D5B-5B5B-4A4E-BD52-DDEC202CE27C}
		{4AED8175-D834-436E-A9BE-3930F2A0D40D} = {0AC90E32-A331-446B-84A4-AE106D5AEF9B}
		{A90B30E8-EE4A-46AD-941B-FF1540A233F8} = {0AC90E32-A331-446B-84A4-AE106D5AEF9B}
		{44398124-79A4-4BC5-9493-474AED3995FB} = {0AC90E32-A331-446B-84A4-AE106D5AEF9B}
		{21779242-86AB-4E0C-9E0B-BD6F3E466D92} = {0AC90E32-A331-446B-84A4-AE106D5AEF9B}
		{C30F2FB8-8655-49B2-BC5A-C8803D1BF4A0} = {5BFE8CE4-9048-447F-B28B-4F157CAA892A}
		{2FC5D59E-3749-4AAD-83E6-A5318C992254} = {B9A9E734-8A1A-D265-B777-74B2E5E27E5B}
	EndGlobalSection
EndGlobal
