
Microsoft Visual Studio Solution File, Format Version 12.00
# Visual Studio Version 17
VisualStudioVersion = 17.14.36109.1 d17.14
MinimumVisualStudioVersion = 10.0.40219.1
Project("{2150E333-8FDC-42A3-9474-1A3956D46DE8}") = "Services", "Services", "{C3FA0D5B-5B5B-4A4E-BD52-DDEC202CE27C}"
EndProject
Project("{2150E333-8FDC-42A3-9474-1A3956D46DE8}") = "BuildingBlocks", "BuildingBlocks", "{D7485251-6FF5-479A-B519-3520EC39C73A}"
EndProject
Project("{2150E333-8FDC-42A3-9474-1A3956D46DE8}") = "Catalog", "Catalog", "{6286AD4C-A349-4674-A82E-12BB6D587FE9}"
EndProject
Project("{FAE04EC0-301F-11D3-BF4B-00C04F79EFBC}") = "Catalog.Api", "Services\Catalog\Catalog.Api\Catalog.Api.csproj", "{4D8DAE77-09FC-425C-A474-70C2D4522F20}"
EndProject
Project("{E53339B2-1760-4266-BCC7-CA923CBCF16C}") = "docker-compose", "docker-compose.dcproj", "{81DDED9D-158B-E303-5F62-77A2896D2A5A}"
EndProject
Project("{FAE04EC0-301F-11D3-BF4B-00C04F79EFBC}") = "BuildingBlocks", "BuildingBlocks\BuildingBlocks\BuildingBlocks.csproj", "{F7BF9B3B-1553-43A0-A6A8-B0DB3B3E6C7E}"
EndProject
Global
	GlobalSection(SolutionConfigurationPlatforms) = preSolution
		Debug|Any CPU = Debug|Any CPU
		Release|Any CPU = Release|Any CPU
	EndGlobalSection
	GlobalSection(ProjectConfigurationPlatforms) = postSolution
		{4D8DAE77-09FC-425C-A474-70C2D4522F20}.Debug|Any CPU.ActiveCfg = Debug|Any CPU
		{4D8DAE77-09FC-425C-A474-70C2D4522F20}.Debug|Any CPU.Build.0 = Debug|Any CPU
		{4D8DAE77-09FC-425C-A474-70C2D4522F20}.Release|Any CPU.ActiveCfg = Release|Any CPU
		{4D8DAE77-09FC-425C-A474-70C2D4522F20}.Release|Any CPU.Build.0 = Release|Any CPU
		{81DDED9D-158B-E303-5F62-77A2896D2A5A}.Debug|Any CPU.ActiveCfg = Debug|Any CPU
		{81DDED9D-158B-E303-5F62-77A2896D2A5A}.Debug|Any CPU.Build.0 = Debug|Any CPU
		{81DDED9D-158B-E303-5F62-77A2896D2A5A}.Release|Any CPU.ActiveCfg = Release|Any CPU
		{81DDED9D-158B-E303-5F62-77A2896D2A5A}.Release|Any CPU.Build.0 = Release|Any CPU
		{F7BF9B3B-1553-43A0-A6A8-B0DB3B3E6C7E}.Debug|Any CPU.ActiveCfg = Debug|Any CPU
		{F7BF9B3B-1553-43A0-A6A8-B0DB3B3E6C7E}.Debug|Any CPU.Build.0 = Debug|Any CPU
		{F7BF9B3B-1553-43A0-A6A8-B0DB3B3E6C7E}.Release|Any CPU.ActiveCfg = Release|Any CPU
		{F7BF9B3B-1553-43A0-A6A8-B0DB3B3E6C7E}.Release|Any CPU.Build.0 = Release|Any CPU
	EndGlobalSection
	GlobalSection(SolutionProperties) = preSolution
		HideSolutionNode = FALSE
	EndGlobalSection
	GlobalSection(NestedProjects) = preSolution
		{6286AD4C-A349-4674-A82E-12BB6D587FE9} = {C3FA0D5B-5B5B-4A4E-BD52-DDEC202CE27C}
		{4D8DAE77-09FC-425C-A474-70C2D4522F20} = {6286AD4C-A349-4674-A82E-12BB6D587FE9}
		{F7BF9B3B-1553-43A0-A6A8-B0DB3B3E6C7E} = {D7485251-6FF5-479A-B519-3520EC39C73A}
	EndGlobalSection
EndGlobal
